
Microsoft Visual Studio Solution File, Format Version 12.00
# Visual Studio 14
VisualStudioVersion = 14.0.25420.1
MinimumVisualStudioVersion = 10.0.40219.1
Project("{8BC9CEB8-8B4A-11D0-8D11-00A0C91BC942}") = "pick_up_weapon", "pick_up_weapon.vcxproj", "{A45B3E2D-1472-4741-BF72-7CAE9BBD134B}"
EndProject
Global
	GlobalSection(SolutionConfigurationPlatforms) = preSolution
		Debug|x64 = Debug|x64
		Debug|x86 = Debug|x86
		Release|x64 = Release|x64
		Release|x86 = Release|x86
	EndGlobalSection
	GlobalSection(ProjectConfigurationPlatforms) = postSolution
		{A45B3E2D-1472-4741-BF72-7CAE9BBD134B}.Debug|x64.ActiveCfg = Debug|x64
		{A45B3E2D-1472-4741-BF72-7CAE9BBD134B}.Debug|x64.Build.0 = Debug|x64
		{A45B3E2D-1472-4741-BF72-7CAE9BBD134B}.Debug|x86.ActiveCfg = Debug|Win32
		{A45B3E2D-1472-4741-BF72-7CAE9BBD134B}.Debug|x86.Build.0 = Debug|Win32
		{A45B3E2D-1472-4741-BF72-7CAE9BBD134B}.Release|x64.ActiveCfg = Release|x64
		{A45B3E2D-1472-4741-BF72-7CAE9BBD134B}.Release|x64.Build.0 = Release|x64
		{A45B3E2D-1472-4741-BF72-7CAE9BBD134B}.Release|x86.ActiveCfg = Release|Win32
		{A45B3E2D-1472-4741-BF72-7CAE9BBD134B}.Release|x86.Build.0 = Release|Win32
	EndGlobalSection
	GlobalSection(SolutionProperties) = preSolution
		HideSolutionNode = FALSE
	EndGlobalSection
EndGlobal
